
Microsoft Visual Studio Solution File, Format Version 12.00
# Visual Studio for Mac
Project("{FAE04EC0-301F-11D3-BF4B-00C04F79EFBC}") = "Assembly-CSharp", "Assembly-CSharp.csproj", "{B35B605B-490F-5C31-1FFF-A46BAE61D27B}"
EndProject
Project("{FAE04EC0-301F-11D3-BF4B-00C04F79EFBC}") = "Assembly-CSharp-Editor", "Assembly-CSharp-Editor.csproj", "{04C396E7-A65D-33CE-2B97-F7E035D39F21}"
EndProject
Global
	GlobalSection(SolutionConfigurationPlatforms) = preSolution
		Debug|Any CPU = Debug|Any CPU
		Release|Any CPU = Release|Any CPU
	EndGlobalSection
	GlobalSection(ProjectConfigurationPlatforms) = postSolution
		{B35B605B-490F-5C31-1FFF-A46BAE61D27B}.Debug|Any CPU.ActiveCfg = Debug|Any CPU
		{B35B605B-490F-5C31-1FFF-A46BAE61D27B}.Debug|Any CPU.Build.0 = Debug|Any CPU
		{B35B605B-490F-5C31-1FFF-A46BAE61D27B}.Release|Any CPU.ActiveCfg = Release|Any CPU
		{B35B605B-490F-5C31-1FFF-A46BAE61D27B}.Release|Any CPU.Build.0 = Release|Any CPU
		{04C396E7-A65D-33CE-2B97-F7E035D39F21}.Debug|Any CPU.ActiveCfg = Debug|Any CPU
		{04C396E7-A65D-33CE-2B97-F7E035D39F21}.Debug|Any CPU.Build.0 = Debug|Any CPU
		{04C396E7-A65D-33CE-2B97-F7E035D39F21}.Release|Any CPU.ActiveCfg = Release|Any CPU
		{04C396E7-A65D-33CE-2B97-F7E035D39F21}.Release|Any CPU.Build.0 = Release|Any CPU
	EndGlobalSection
	GlobalSection(SolutionProperties) = preSolution
		HideSolutionNode = FALSE
	EndGlobalSection
EndGlobal
